
Microsoft Visual Studio Solution File, Format Version 12.00
# Visual Studio 15
VisualStudioVersion = 15.0.27428.2037
MinimumVisualStudioVersion = 10.0.40219.1
Project("{FAE04EC0-301F-11D3-BF4B-00C04F79EFBC}") = "WarCardGame", "WarCardGame\WarCardGame.csproj", "{CA12F5D6-07AB-4890-9158-B6C2FEB98095}"
EndProject
Global
	GlobalSection(SolutionConfigurationPlatforms) = preSolution
		Debug|Any CPU = Debug|Any CPU
		Release|Any CPU = Release|Any CPU
	EndGlobalSection
	GlobalSection(ProjectConfigurationPlatforms) = postSolution
		{CA12F5D6-07AB-4890-9158-B6C2FEB98095}.Debug|Any CPU.ActiveCfg = Debug|Any CPU
		{CA12F5D6-07AB-4890-9158-B6C2FEB98095}.Debug|Any CPU.Build.0 = Debug|Any CPU
		{CA12F5D6-07AB-4890-9158-B6C2FEB98095}.Release|Any CPU.ActiveCfg = Release|Any CPU
		{CA12F5D6-07AB-4890-9158-B6C2FEB98095}.Release|Any CPU.Build.0 = Release|Any CPU
	EndGlobalSection
	GlobalSection(SolutionProperties) = preSolution
		HideSolutionNode = FALSE
	EndGlobalSection
	GlobalSection(ExtensibilityGlobals) = postSolution
		SolutionGuid = {C77DE668-9B28-440C-B881-D883DA7F9901}
	EndGlobalSection
EndGlobal
